// !$*UTF8*$!
{
	archiveVersion = 1;
	classes = {
	};
	objectVersion = 55;
	objects = {

/* Begin PBXBuildFile section */
		A53FB5FF282A7A8800016B2D /* 2870.cpp in Sources */ = {isa = PBXBuildFile; fileRef = A53FB5FE282A7A8800016B2D /* 2870.cpp */; };
		A53FB601282A9CA700016B2D /* 10709.cpp in Sources */ = {isa = PBXBuildFile; fileRef = A53FB600282A9CA700016B2D /* 10709.cpp */; };
		A53FB603282AC50400016B2D /* practice.c in Sources */ = {isa = PBXBuildFile; fileRef = A53FB602282AC50400016B2D /* practice.c */; };
		A53FB605282B47C900016B2D /* 3474.cpp in Sources */ = {isa = PBXBuildFile; fileRef = A53FB604282B47C900016B2D /* 3474.cpp */; };
		A53FB607282B681100016B2D /* 2852.cpp in Sources */ = {isa = PBXBuildFile; fileRef = A53FB606282B681100016B2D /* 2852.cpp */; };
		A53FB609282B943400016B2D /* 9012.cpp in Sources */ = {isa = PBXBuildFile; fileRef = A53FB608282B943400016B2D /* 9012.cpp */; };
		A542E2EE282CE80B000E2AFC /* Recode.cpp in Sources */ = {isa = PBXBuildFile; fileRef = A542E2ED282CE80B000E2AFC /* Recode.cpp */; };
		A542E2F0282CFBE9000E2AFC /* 4949.cpp in Sources */ = {isa = PBXBuildFile; fileRef = A542E2EF282CFBE9000E2AFC /* 4949.cpp */; };
		A542E2F2282D2DFF000E2AFC /* 14502.cpp in Sources */ = {isa = PBXBuildFile; fileRef = A542E2F1282D2DFF000E2AFC /* 14502.cpp */; };
		A542E2F4282E34A0000E2AFC /* 2636.cpp in Sources */ = {isa = PBXBuildFile; fileRef = A542E2F3282E34A0000E2AFC /* 2636.cpp */; };
		A542E2F6282F4442000E2AFC /* nc_test1.cpp in Sources */ = {isa = PBXBuildFile; fileRef = A542E2F5282F4442000E2AFC /* nc_test1.cpp */; };
		A542E2F8282F4453000E2AFC /* nc_test2.cpp in Sources */ = {isa = PBXBuildFile; fileRef = A542E2F7282F4453000E2AFC /* nc_test2.cpp */; };
		A542E2FA282F4465000E2AFC /* nc_test3.cpp in Sources */ = {isa = PBXBuildFile; fileRef = A542E2F9282F4465000E2AFC /* nc_test3.cpp */; };
		A542E2FC28323130000E2AFC /* 1068.cpp in Sources */ = {isa = PBXBuildFile; fileRef = A542E2FB28323130000E2AFC /* 1068.cpp */; };
		A542E2FE283275D3000E2AFC /* 1325.cpp in Sources */ = {isa = PBXBuildFile; fileRef = A542E2FD283275D3000E2AFC /* 1325.cpp */; };
		A542E30028338032000E2AFC /* 17298.cpp in Sources */ = {isa = PBXBuildFile; fileRef = A542E2FF28338032000E2AFC /* 17298.cpp */; };
		A542E302283DEF66000E2AFC /* 1189.cpp in Sources */ = {isa = PBXBuildFile; fileRef = A542E301283DEF66000E2AFC /* 1189.cpp */; };
		A542E3042840A34C000E2AFC /* 17136.cpp in Sources */ = {isa = PBXBuildFile; fileRef = A542E3032840A34C000E2AFC /* 17136.cpp */; };
		A542E3062841262F000E2AFC /* 개념강의_예제_종화는_방구쟁이.cpp in Sources */ = {isa = PBXBuildFile; fileRef = A542E3052841262F000E2AFC /* 개념강의_예제_종화는_방구쟁이.cpp */; };
		A542E30828449DBF000E2AFC /* 개념강의_예제_당근마킷_승원이.cpp in Sources */ = {isa = PBXBuildFile; fileRef = A542E30728449DBF000E2AFC /* 개념강의_예제_당근마킷_승원이.cpp */; };
		A5A1742A2819046A00CEC45B /* 10988.cpp in Sources */ = {isa = PBXBuildFile; fileRef = A5A174282819046A00CEC45B /* 10988.cpp */; };
		A5F7110A281E6C58000C2F25 /* 1629.cpp in Sources */ = {isa = PBXBuildFile; fileRef = A5F71109281E6C58000C2F25 /* 1629.cpp */; };
		A5F7110C281EBEB6000C2F25 /* 4375.cpp in Sources */ = {isa = PBXBuildFile; fileRef = A5F7110B281EBEB6000C2F25 /* 4375.cpp */; };
		A5F7110E281FA82F000C2F25 /* dp.cpp in Sources */ = {isa = PBXBuildFile; fileRef = A5F7110D281FA82F000C2F25 /* dp.cpp */; };
		A5F7111028201304000C2F25 /* bfs.cpp in Sources */ = {isa = PBXBuildFile; fileRef = A5F7110F28201304000C2F25 /* bfs.cpp */; };
		A5F7111228211ED9000C2F25 /* traversal.cpp in Sources */ = {isa = PBXBuildFile; fileRef = A5F7111128211ED9000C2F25 /* traversal.cpp */; };
		A5F7111428224D47000C2F25 /* 2178.cpp in Sources */ = {isa = PBXBuildFile; fileRef = A5F7111328224D47000C2F25 /* 2178.cpp */; };
		A5F7111628225CCE000C2F25 /* 1012.cpp in Sources */ = {isa = PBXBuildFile; fileRef = A5F7111528225CCE000C2F25 /* 1012.cpp */; };
		A5F711182822B3D8000C2F25 /* 2468.cpp in Sources */ = {isa = PBXBuildFile; fileRef = A5F711172822B3D8000C2F25 /* 2468.cpp */; };
		A5F7111A2823BEC6000C2F25 /* 2583.cpp in Sources */ = {isa = PBXBuildFile; fileRef = A5F711192823BEC6000C2F25 /* 2583.cpp */; };
		A5F7111C2823F51D000C2F25 /* 1992.cpp in Sources */ = {isa = PBXBuildFile; fileRef = A5F7111B2823F51D000C2F25 /* 1992.cpp */; };
		A5F7111E2824F7CD000C2F25 /* 2828.cpp in Sources */ = {isa = PBXBuildFile; fileRef = A5F7111D2824F7CD000C2F25 /* 2828.cpp */; };
		A5F7112028250EE7000C2F25 /* 2910.cpp in Sources */ = {isa = PBXBuildFile; fileRef = A5F7111F28250EE7000C2F25 /* 2910.cpp */; };
		A5F7112228253C3F000C2F25 /* 2910_1.cpp in Sources */ = {isa = PBXBuildFile; fileRef = A5F7112128253C3F000C2F25 /* 2910_1.cpp */; };
		A5F71124282549C5000C2F25 /* 4659.cpp in Sources */ = {isa = PBXBuildFile; fileRef = A5F71123282549C5000C2F25 /* 4659.cpp */; };
		A5F71126282633C9000C2F25 /* test_1.cpp in Sources */ = {isa = PBXBuildFile; fileRef = A5F71125282633C9000C2F25 /* test_1.cpp */; };
		A5F7112928263D33000C2F25 /* test_3.cpp in Sources */ = {isa = PBXBuildFile; fileRef = A5F7112728263D33000C2F25 /* test_3.cpp */; };
		A5F7112B28264AF8000C2F25 /* test_4.cpp in Sources */ = {isa = PBXBuildFile; fileRef = A5F7112A28264AF8000C2F25 /* test_4.cpp */; };
		A5F7112D2826594A000C2F25 /* test_5.cpp in Sources */ = {isa = PBXBuildFile; fileRef = A5F7112C2826594A000C2F25 /* test_5.cpp */; };
/* End PBXBuildFile section */

/* Begin PBXCopyFilesBuildPhase section */
		A5A1741C2819042800CEC45B /* CopyFiles */ = {
			isa = PBXCopyFilesBuildPhase;
			buildActionMask = 2147483647;
			dstPath = /usr/share/man/man1/;
			dstSubfolderSpec = 0;
			files = (
			);
			runOnlyForDeploymentPostprocessing = 1;
		};
/* End PBXCopyFilesBuildPhase section */

/* Begin PBXFileReference section */
		A53FB5FE282A7A8800016B2D /* 2870.cpp */ = {isa = PBXFileReference; lastKnownFileType = sourcecode.cpp.cpp; path = 2870.cpp; sourceTree = "<group>"; };
		A53FB600282A9CA700016B2D /* 10709.cpp */ = {isa = PBXFileReference; lastKnownFileType = sourcecode.cpp.cpp; path = 10709.cpp; sourceTree = "<group>"; };
		A53FB602282AC50400016B2D /* practice.c */ = {isa = PBXFileReference; lastKnownFileType = sourcecode.c.c; path = practice.c; sourceTree = "<group>"; };
		A53FB604282B47C900016B2D /* 3474.cpp */ = {isa = PBXFileReference; lastKnownFileType = sourcecode.cpp.cpp; path = 3474.cpp; sourceTree = "<group>"; };
		A53FB606282B681100016B2D /* 2852.cpp */ = {isa = PBXFileReference; lastKnownFileType = sourcecode.cpp.cpp; path = 2852.cpp; sourceTree = "<group>"; };
		A53FB608282B943400016B2D /* 9012.cpp */ = {isa = PBXFileReference; lastKnownFileType = sourcecode.cpp.cpp; path = 9012.cpp; sourceTree = "<group>"; };
		A542E2ED282CE80B000E2AFC /* Recode.cpp */ = {isa = PBXFileReference; lastKnownFileType = sourcecode.cpp.cpp; path = Recode.cpp; sourceTree = "<group>"; };
		A542E2EF282CFBE9000E2AFC /* 4949.cpp */ = {isa = PBXFileReference; lastKnownFileType = sourcecode.cpp.cpp; path = 4949.cpp; sourceTree = "<group>"; };
		A542E2F1282D2DFF000E2AFC /* 14502.cpp */ = {isa = PBXFileReference; lastKnownFileType = sourcecode.cpp.cpp; path = 14502.cpp; sourceTree = "<group>"; };
		A542E2F3282E34A0000E2AFC /* 2636.cpp */ = {isa = PBXFileReference; lastKnownFileType = sourcecode.cpp.cpp; path = 2636.cpp; sourceTree = "<group>"; };
		A542E2F5282F4442000E2AFC /* nc_test1.cpp */ = {isa = PBXFileReference; lastKnownFileType = sourcecode.cpp.cpp; path = nc_test1.cpp; sourceTree = "<group>"; };
		A542E2F7282F4453000E2AFC /* nc_test2.cpp */ = {isa = PBXFileReference; lastKnownFileType = sourcecode.cpp.cpp; path = nc_test2.cpp; sourceTree = "<group>"; };
		A542E2F9282F4465000E2AFC /* nc_test3.cpp */ = {isa = PBXFileReference; lastKnownFileType = sourcecode.cpp.cpp; path = nc_test3.cpp; sourceTree = "<group>"; };
		A542E2FB28323130000E2AFC /* 1068.cpp */ = {isa = PBXFileReference; lastKnownFileType = sourcecode.cpp.cpp; path = 1068.cpp; sourceTree = "<group>"; };
		A542E2FD283275D3000E2AFC /* 1325.cpp */ = {isa = PBXFileReference; lastKnownFileType = sourcecode.cpp.cpp; path = 1325.cpp; sourceTree = "<group>"; };
		A542E2FF28338032000E2AFC /* 17298.cpp */ = {isa = PBXFileReference; lastKnownFileType = sourcecode.cpp.cpp; path = 17298.cpp; sourceTree = "<group>"; };
		A542E301283DEF66000E2AFC /* 1189.cpp */ = {isa = PBXFileReference; lastKnownFileType = sourcecode.cpp.cpp; path = 1189.cpp; sourceTree = "<group>"; };
		A542E3032840A34C000E2AFC /* 17136.cpp */ = {isa = PBXFileReference; lastKnownFileType = sourcecode.cpp.cpp; path = 17136.cpp; sourceTree = "<group>"; };
		A542E3052841262F000E2AFC /* 개념강의_예제_종화는_방구쟁이.cpp */ = {isa = PBXFileReference; lastKnownFileType = sourcecode.cpp.cpp; path = "개념강의_예제_종화는_방구쟁이.cpp"; sourceTree = "<group>"; };
		A542E30728449DBF000E2AFC /* 개념강의_예제_당근마킷_승원이.cpp */ = {isa = PBXFileReference; lastKnownFileType = sourcecode.cpp.cpp; path = "개념강의_예제_당근마킷_승원이.cpp"; sourceTree = "<group>"; };
		A5A1741E2819042800CEC45B /* baekjoon */ = {isa = PBXFileReference; explicitFileType = "compiled.mach-o.executable"; includeInIndex = 0; path = baekjoon; sourceTree = BUILT_PRODUCTS_DIR; };
		A5A174282819046A00CEC45B /* 10988.cpp */ = {isa = PBXFileReference; lastKnownFileType = sourcecode.cpp.cpp; path = 10988.cpp; sourceTree = "<group>"; };
		A5A1742B281907CF00CEC45B /* 1159.cpp */ = {isa = PBXFileReference; lastKnownFileType = sourcecode.cpp.cpp; path = 1159.cpp; sourceTree = "<group>"; };
		A5A1742D28190ED100CEC45B /* 4446.cpp */ = {isa = PBXFileReference; lastKnownFileType = sourcecode.cpp.cpp; path = 4446.cpp; sourceTree = "<group>"; };
		A5A1742F2819181700CEC45B /* 9996.cpp */ = {isa = PBXFileReference; lastKnownFileType = sourcecode.cpp.cpp; path = 9996.cpp; sourceTree = "<group>"; };
		A5A174312819349300CEC45B /* 2559.cpp */ = {isa = PBXFileReference; lastKnownFileType = sourcecode.cpp.cpp; path = 2559.cpp; sourceTree = "<group>"; };
		A5A17433281A600700CEC45B /* 1620.cpp */ = {isa = PBXFileReference; lastKnownFileType = sourcecode.cpp.cpp; path = 1620.cpp; sourceTree = "<group>"; };
		A5A17435281A756400CEC45B /* 9375.cpp */ = {isa = PBXFileReference; lastKnownFileType = sourcecode.cpp.cpp; path = 9375.cpp; sourceTree = "<group>"; };
		A5A17437281A8C1A00CEC45B /* 000.cpp */ = {isa = PBXFileReference; lastKnownFileType = sourcecode.cpp.cpp; path = 000.cpp; sourceTree = "<group>"; };
		A5F71103281C22E0000C2F25 /* 1213.cpp */ = {isa = PBXFileReference; lastKnownFileType = sourcecode.cpp.cpp; path = 1213.cpp; sourceTree = "<group>"; };
		A5F71105281D490F000C2F25 /* 1940.cpp */ = {isa = PBXFileReference; lastKnownFileType = sourcecode.cpp.cpp; path = 1940.cpp; sourceTree = "<group>"; };
		A5F71107281D6296000C2F25 /* 3986.cpp */ = {isa = PBXFileReference; lastKnownFileType = sourcecode.cpp.cpp; path = 3986.cpp; sourceTree = "<group>"; };
		A5F71109281E6C58000C2F25 /* 1629.cpp */ = {isa = PBXFileReference; lastKnownFileType = sourcecode.cpp.cpp; path = 1629.cpp; sourceTree = "<group>"; };
		A5F7110B281EBEB6000C2F25 /* 4375.cpp */ = {isa = PBXFileReference; lastKnownFileType = sourcecode.cpp.cpp; path = 4375.cpp; sourceTree = "<group>"; };
		A5F7110D281FA82F000C2F25 /* dp.cpp */ = {isa = PBXFileReference; lastKnownFileType = sourcecode.cpp.cpp; path = dp.cpp; sourceTree = "<group>"; };
		A5F7110F28201304000C2F25 /* bfs.cpp */ = {isa = PBXFileReference; lastKnownFileType = sourcecode.cpp.cpp; path = bfs.cpp; sourceTree = "<group>"; };
		A5F7111128211ED9000C2F25 /* traversal.cpp */ = {isa = PBXFileReference; lastKnownFileType = sourcecode.cpp.cpp; path = traversal.cpp; sourceTree = "<group>"; };
		A5F7111328224D47000C2F25 /* 2178.cpp */ = {isa = PBXFileReference; lastKnownFileType = sourcecode.cpp.cpp; path = 2178.cpp; sourceTree = "<group>"; };
		A5F7111528225CCE000C2F25 /* 1012.cpp */ = {isa = PBXFileReference; lastKnownFileType = sourcecode.cpp.cpp; path = 1012.cpp; sourceTree = "<group>"; };
		A5F711172822B3D8000C2F25 /* 2468.cpp */ = {isa = PBXFileReference; lastKnownFileType = sourcecode.cpp.cpp; path = 2468.cpp; sourceTree = "<group>"; };
		A5F711192823BEC6000C2F25 /* 2583.cpp */ = {isa = PBXFileReference; lastKnownFileType = sourcecode.cpp.cpp; path = 2583.cpp; sourceTree = "<group>"; };
		A5F7111B2823F51D000C2F25 /* 1992.cpp */ = {isa = PBXFileReference; lastKnownFileType = sourcecode.cpp.cpp; path = 1992.cpp; sourceTree = "<group>"; };
		A5F7111D2824F7CD000C2F25 /* 2828.cpp */ = {isa = PBXFileReference; lastKnownFileType = sourcecode.cpp.cpp; path = 2828.cpp; sourceTree = "<group>"; };
		A5F7111F28250EE7000C2F25 /* 2910.cpp */ = {isa = PBXFileReference; lastKnownFileType = sourcecode.cpp.cpp; path = 2910.cpp; sourceTree = "<group>"; };
		A5F7112128253C3F000C2F25 /* 2910_1.cpp */ = {isa = PBXFileReference; lastKnownFileType = sourcecode.cpp.cpp; path = 2910_1.cpp; sourceTree = "<group>"; };
		A5F71123282549C5000C2F25 /* 4659.cpp */ = {isa = PBXFileReference; lastKnownFileType = sourcecode.cpp.cpp; path = 4659.cpp; sourceTree = "<group>"; };
		A5F71125282633C9000C2F25 /* test_1.cpp */ = {isa = PBXFileReference; lastKnownFileType = sourcecode.cpp.cpp; path = test_1.cpp; sourceTree = "<group>"; };
		A5F7112728263D33000C2F25 /* test_3.cpp */ = {isa = PBXFileReference; lastKnownFileType = sourcecode.cpp.cpp; path = test_3.cpp; sourceTree = "<group>"; };
		A5F7112A28264AF8000C2F25 /* test_4.cpp */ = {isa = PBXFileReference; lastKnownFileType = sourcecode.cpp.cpp; path = test_4.cpp; sourceTree = "<group>"; };
		A5F7112C2826594A000C2F25 /* test_5.cpp */ = {isa = PBXFileReference; lastKnownFileType = sourcecode.cpp.cpp; path = test_5.cpp; sourceTree = "<group>"; };
/* End PBXFileReference section */

/* Begin PBXFrameworksBuildPhase section */
		A5A1741B2819042800CEC45B /* Frameworks */ = {
			isa = PBXFrameworksBuildPhase;
			buildActionMask = 2147483647;
			files = (
			);
			runOnlyForDeploymentPostprocessing = 0;
		};
/* End PBXFrameworksBuildPhase section */

/* Begin PBXGroup section */
		A5A174152819042800CEC45B = {
			isa = PBXGroup;
			children = (
				A5A174202819042800CEC45B /* baekjoon */,
				A5A1741F2819042800CEC45B /* Products */,
			);
			sourceTree = "<group>";
		};
		A5A1741F2819042800CEC45B /* Products */ = {
			isa = PBXGroup;
			children = (
				A5A1741E2819042800CEC45B /* baekjoon */,
			);
			name = Products;
			sourceTree = "<group>";
		};
		A5A174202819042800CEC45B /* baekjoon */ = {
			isa = PBXGroup;
			children = (
				A5F7110D281FA82F000C2F25 /* dp.cpp */,
				A5A174282819046A00CEC45B /* 10988.cpp */,
				A5A1742B281907CF00CEC45B /* 1159.cpp */,
				A5A1742D28190ED100CEC45B /* 4446.cpp */,
				A5A1742F2819181700CEC45B /* 9996.cpp */,
				A5A174312819349300CEC45B /* 2559.cpp */,
				A5A17433281A600700CEC45B /* 1620.cpp */,
				A5A17435281A756400CEC45B /* 9375.cpp */,
				A5A17437281A8C1A00CEC45B /* 000.cpp */,
				A5F71103281C22E0000C2F25 /* 1213.cpp */,
				A5F71105281D490F000C2F25 /* 1940.cpp */,
				A5F71107281D6296000C2F25 /* 3986.cpp */,
				A5F71109281E6C58000C2F25 /* 1629.cpp */,
				A5F7110B281EBEB6000C2F25 /* 4375.cpp */,
				A5F7110F28201304000C2F25 /* bfs.cpp */,
				A5F7111128211ED9000C2F25 /* traversal.cpp */,
				A5F7111328224D47000C2F25 /* 2178.cpp */,
				A5F7111528225CCE000C2F25 /* 1012.cpp */,
				A5F711172822B3D8000C2F25 /* 2468.cpp */,
				A5F711192823BEC6000C2F25 /* 2583.cpp */,
				A5F7111B2823F51D000C2F25 /* 1992.cpp */,
				A5F7111D2824F7CD000C2F25 /* 2828.cpp */,
				A5F7111F28250EE7000C2F25 /* 2910.cpp */,
				A5F7112128253C3F000C2F25 /* 2910_1.cpp */,
				A5F71123282549C5000C2F25 /* 4659.cpp */,
				A5F71125282633C9000C2F25 /* test_1.cpp */,
				A5F7112728263D33000C2F25 /* test_3.cpp */,
				A5F7112A28264AF8000C2F25 /* test_4.cpp */,
				A5F7112C2826594A000C2F25 /* test_5.cpp */,
				A53FB5FE282A7A8800016B2D /* 2870.cpp */,
				A53FB600282A9CA700016B2D /* 10709.cpp */,
				A53FB602282AC50400016B2D /* practice.c */,
				A53FB604282B47C900016B2D /* 3474.cpp */,
				A53FB606282B681100016B2D /* 2852.cpp */,
				A53FB608282B943400016B2D /* 9012.cpp */,
				A542E2EF282CFBE9000E2AFC /* 4949.cpp */,
				A542E2F1282D2DFF000E2AFC /* 14502.cpp */,
				A542E2F3282E34A0000E2AFC /* 2636.cpp */,
				A542E2F5282F4442000E2AFC /* nc_test1.cpp */,
				A542E2F7282F4453000E2AFC /* nc_test2.cpp */,
				A542E2F9282F4465000E2AFC /* nc_test3.cpp */,
				A542E2FB28323130000E2AFC /* 1068.cpp */,
				A542E2FD283275D3000E2AFC /* 1325.cpp */,
				A542E2FF28338032000E2AFC /* 17298.cpp */,
				A542E301283DEF66000E2AFC /* 1189.cpp */,
				A542E2ED282CE80B000E2AFC /* Recode.cpp */,
				A542E3032840A34C000E2AFC /* 17136.cpp */,
				A542E3052841262F000E2AFC /* 개념강의_예제_종화는_방구쟁이.cpp */,
				A542E30728449DBF000E2AFC /* 개념강의_예제_당근마킷_승원이.cpp */,
			);
			path = baekjoon;
			sourceTree = "<group>";
		};
/* End PBXGroup section */

/* Begin PBXNativeTarget section */
		A5A1741D2819042800CEC45B /* baekjoon */ = {
			isa = PBXNativeTarget;
			buildConfigurationList = A5A174252819042800CEC45B /* Build configuration list for PBXNativeTarget "baekjoon" */;
			buildPhases = (
				A5A1741A2819042800CEC45B /* Sources */,
				A5A1741B2819042800CEC45B /* Frameworks */,
				A5A1741C2819042800CEC45B /* CopyFiles */,
			);
			buildRules = (
			);
			dependencies = (
			);
			name = baekjoon;
			productName = baekjoon;
			productReference = A5A1741E2819042800CEC45B /* baekjoon */;
			productType = "com.apple.product-type.tool";
		};
/* End PBXNativeTarget section */

/* Begin PBXProject section */
		A5A174162819042800CEC45B /* Project object */ = {
			isa = PBXProject;
			attributes = {
				BuildIndependentTargetsInParallel = 1;
				LastUpgradeCheck = 1330;
				TargetAttributes = {
					A5A1741D2819042800CEC45B = {
						CreatedOnToolsVersion = 13.3.1;
					};
				};
			};
			buildConfigurationList = A5A174192819042800CEC45B /* Build configuration list for PBXProject "baekjoon" */;
			compatibilityVersion = "Xcode 13.0";
			developmentRegion = en;
			hasScannedForEncodings = 0;
			knownRegions = (
				en,
				Base,
			);
			mainGroup = A5A174152819042800CEC45B;
			productRefGroup = A5A1741F2819042800CEC45B /* Products */;
			projectDirPath = "";
			projectRoot = "";
			targets = (
				A5A1741D2819042800CEC45B /* baekjoon */,
			);
		};
/* End PBXProject section */

/* Begin PBXSourcesBuildPhase section */
		A5A1741A2819042800CEC45B /* Sources */ = {
			isa = PBXSourcesBuildPhase;
			buildActionMask = 2147483647;
			files = (
				A542E302283DEF66000E2AFC /* 1189.cpp in Sources */,
				A542E2FA282F4465000E2AFC /* nc_test3.cpp in Sources */,
				A542E2F0282CFBE9000E2AFC /* 4949.cpp in Sources */,
				A5F7112B28264AF8000C2F25 /* test_4.cpp in Sources */,
				A5F7112028250EE7000C2F25 /* 2910.cpp in Sources */,
				A5F711182822B3D8000C2F25 /* 2468.cpp in Sources */,
				A542E2F8282F4453000E2AFC /* nc_test2.cpp in Sources */,
				A542E3042840A34C000E2AFC /* 17136.cpp in Sources */,
				A5F7111228211ED9000C2F25 /* traversal.cpp in Sources */,
				A5F7111428224D47000C2F25 /* 2178.cpp in Sources */,
				A5F7110C281EBEB6000C2F25 /* 4375.cpp in Sources */,
				A53FB603282AC50400016B2D /* practice.c in Sources */,
				A5A1742A2819046A00CEC45B /* 10988.cpp in Sources */,
				A53FB601282A9CA700016B2D /* 10709.cpp in Sources */,
				A542E2FC28323130000E2AFC /* 1068.cpp in Sources */,
				A5F7110A281E6C58000C2F25 /* 1629.cpp in Sources */,
				A53FB605282B47C900016B2D /* 3474.cpp in Sources */,
				A542E2EE282CE80B000E2AFC /* Recode.cpp in Sources */,
				A5F7112228253C3F000C2F25 /* 2910_1.cpp in Sources */,
				A5F7111C2823F51D000C2F25 /* 1992.cpp in Sources */,
				A5F71124282549C5000C2F25 /* 4659.cpp in Sources */,
				A5F7111628225CCE000C2F25 /* 1012.cpp in Sources */,
				A5F71126282633C9000C2F25 /* test_1.cpp in Sources */,
				A542E2F2282D2DFF000E2AFC /* 14502.cpp in Sources */,
				A542E2F4282E34A0000E2AFC /* 2636.cpp in Sources */,
				A542E2F6282F4442000E2AFC /* nc_test1.cpp in Sources */,
				A5F7110E281FA82F000C2F25 /* dp.cpp in Sources */,
				A542E30828449DBF000E2AFC /* 개념강의_예제_당근마킷_승원이.cpp in Sources */,
				A53FB5FF282A7A8800016B2D /* 2870.cpp in Sources */,
				A53FB607282B681100016B2D /* 2852.cpp in Sources */,
				A542E30028338032000E2AFC /* 17298.cpp in Sources */,
				A53FB609282B943400016B2D /* 9012.cpp in Sources */,
				A5F7111E2824F7CD000C2F25 /* 2828.cpp in Sources */,
				A5F7111028201304000C2F25 /* bfs.cpp in Sources */,
				A5F7112D2826594A000C2F25 /* test_5.cpp in Sources */,
				A5F7111A2823BEC6000C2F25 /* 2583.cpp in Sources */,
				A542E2FE283275D3000E2AFC /* 1325.cpp in Sources */,
				A5F7112928263D33000C2F25 /* test_3.cpp in Sources */,
				A542E3062841262F000E2AFC /* 개념강의_예제_종화는_방구쟁이.cpp in Sources */,
			);
			runOnlyForDeploymentPostprocessing = 0;
		};
/* End PBXSourcesBuildPhase section */

/* Begin XCBuildConfiguration section */
		A5A174232819042800CEC45B /* Debug */ = {
			isa = XCBuildConfiguration;
			buildSettings = {
				ALWAYS_SEARCH_USER_PATHS = NO;
				CLANG_ANALYZER_NONNULL = YES;
				CLANG_ANALYZER_NUMBER_OBJECT_CONVERSION = YES_AGGRESSIVE;
				CLANG_CXX_LANGUAGE_STANDARD = "gnu++17";
				CLANG_ENABLE_MODULES = YES;
				CLANG_ENABLE_OBJC_ARC = YES;
				CLANG_ENABLE_OBJC_WEAK = YES;
				CLANG_WARN_BLOCK_CAPTURE_AUTORELEASING = YES;
				CLANG_WARN_BOOL_CONVERSION = YES;
				CLANG_WARN_COMMA = YES;
				CLANG_WARN_CONSTANT_CONVERSION = YES;
				CLANG_WARN_DEPRECATED_OBJC_IMPLEMENTATIONS = YES;
				CLANG_WARN_DIRECT_OBJC_ISA_USAGE = YES_ERROR;
				CLANG_WARN_DOCUMENTATION_COMMENTS = YES;
				CLANG_WARN_EMPTY_BODY = YES;
				CLANG_WARN_ENUM_CONVERSION = YES;
				CLANG_WARN_INFINITE_RECURSION = YES;
				CLANG_WARN_INT_CONVERSION = YES;
				CLANG_WARN_NON_LITERAL_NULL_CONVERSION = YES;
				CLANG_WARN_OBJC_IMPLICIT_RETAIN_SELF = YES;
				CLANG_WARN_OBJC_LITERAL_CONVERSION = YES;
				CLANG_WARN_OBJC_ROOT_CLASS = YES_ERROR;
				CLANG_WARN_QUOTED_INCLUDE_IN_FRAMEWORK_HEADER = YES;
				CLANG_WARN_RANGE_LOOP_ANALYSIS = YES;
				CLANG_WARN_STRICT_PROTOTYPES = YES;
				CLANG_WARN_SUSPICIOUS_MOVE = YES;
				CLANG_WARN_UNGUARDED_AVAILABILITY = YES_AGGRESSIVE;
				CLANG_WARN_UNREACHABLE_CODE = YES;
				CLANG_WARN__DUPLICATE_METHOD_MATCH = YES;
				COPY_PHASE_STRIP = NO;
				DEBUG_INFORMATION_FORMAT = dwarf;
				ENABLE_STRICT_OBJC_MSGSEND = YES;
				ENABLE_TESTABILITY = YES;
				GCC_C_LANGUAGE_STANDARD = gnu11;
				GCC_DYNAMIC_NO_PIC = NO;
				GCC_NO_COMMON_BLOCKS = YES;
				GCC_OPTIMIZATION_LEVEL = 0;
				GCC_PREPROCESSOR_DEFINITIONS = (
					"DEBUG=1",
					"$(inherited)",
				);
				GCC_WARN_64_TO_32_BIT_CONVERSION = YES;
				GCC_WARN_ABOUT_RETURN_TYPE = YES_ERROR;
				GCC_WARN_UNDECLARED_SELECTOR = YES;
				GCC_WARN_UNINITIALIZED_AUTOS = YES_AGGRESSIVE;
				GCC_WARN_UNUSED_FUNCTION = YES;
				GCC_WARN_UNUSED_VARIABLE = YES;
				MACOSX_DEPLOYMENT_TARGET = 12.3;
				MTL_ENABLE_DEBUG_INFO = INCLUDE_SOURCE;
				MTL_FAST_MATH = YES;
				ONLY_ACTIVE_ARCH = YES;
				SDKROOT = macosx;
			};
			name = Debug;
		};
		A5A174242819042800CEC45B /* Release */ = {
			isa = XCBuildConfiguration;
			buildSettings = {
				ALWAYS_SEARCH_USER_PATHS = NO;
				CLANG_ANALYZER_NONNULL = YES;
				CLANG_ANALYZER_NUMBER_OBJECT_CONVERSION = YES_AGGRESSIVE;
				CLANG_CXX_LANGUAGE_STANDARD = "gnu++17";
				CLANG_ENABLE_MODULES = YES;
				CLANG_ENABLE_OBJC_ARC = YES;
				CLANG_ENABLE_OBJC_WEAK = YES;
				CLANG_WARN_BLOCK_CAPTURE_AUTORELEASING = YES;
				CLANG_WARN_BOOL_CONVERSION = YES;
				CLANG_WARN_COMMA = YES;
				CLANG_WARN_CONSTANT_CONVERSION = YES;
				CLANG_WARN_DEPRECATED_OBJC_IMPLEMENTATIONS = YES;
				CLANG_WARN_DIRECT_OBJC_ISA_USAGE = YES_ERROR;
				CLANG_WARN_DOCUMENTATION_COMMENTS = YES;
				CLANG_WARN_EMPTY_BODY = YES;
				CLANG_WARN_ENUM_CONVERSION = YES;
				CLANG_WARN_INFINITE_RECURSION = YES;
				CLANG_WARN_INT_CONVERSION = YES;
				CLANG_WARN_NON_LITERAL_NULL_CONVERSION = YES;
				CLANG_WARN_OBJC_IMPLICIT_RETAIN_SELF = YES;
				CLANG_WARN_OBJC_LITERAL_CONVERSION = YES;
				CLANG_WARN_OBJC_ROOT_CLASS = YES_ERROR;
				CLANG_WARN_QUOTED_INCLUDE_IN_FRAMEWORK_HEADER = YES;
				CLANG_WARN_RANGE_LOOP_ANALYSIS = YES;
				CLANG_WARN_STRICT_PROTOTYPES = YES;
				CLANG_WARN_SUSPICIOUS_MOVE = YES;
				CLANG_WARN_UNGUARDED_AVAILABILITY = YES_AGGRESSIVE;
				CLANG_WARN_UNREACHABLE_CODE = YES;
				CLANG_WARN__DUPLICATE_METHOD_MATCH = YES;
				COPY_PHASE_STRIP = NO;
				DEBUG_INFORMATION_FORMAT = "dwarf-with-dsym";
				ENABLE_NS_ASSERTIONS = NO;
				ENABLE_STRICT_OBJC_MSGSEND = YES;
				GCC_C_LANGUAGE_STANDARD = gnu11;
				GCC_NO_COMMON_BLOCKS = YES;
				GCC_WARN_64_TO_32_BIT_CONVERSION = YES;
				GCC_WARN_ABOUT_RETURN_TYPE = YES_ERROR;
				GCC_WARN_UNDECLARED_SELECTOR = YES;
				GCC_WARN_UNINITIALIZED_AUTOS = YES_AGGRESSIVE;
				GCC_WARN_UNUSED_FUNCTION = YES;
				GCC_WARN_UNUSED_VARIABLE = YES;
				MACOSX_DEPLOYMENT_TARGET = 12.3;
				MTL_ENABLE_DEBUG_INFO = NO;
				MTL_FAST_MATH = YES;
				SDKROOT = macosx;
			};
			name = Release;
		};
		A5A174262819042800CEC45B /* Debug */ = {
			isa = XCBuildConfiguration;
			buildSettings = {
				CODE_SIGN_STYLE = Automatic;
				PRODUCT_NAME = "$(TARGET_NAME)";
			};
			name = Debug;
		};
		A5A174272819042800CEC45B /* Release */ = {
			isa = XCBuildConfiguration;
			buildSettings = {
				CODE_SIGN_STYLE = Automatic;
				PRODUCT_NAME = "$(TARGET_NAME)";
			};
			name = Release;
		};
/* End XCBuildConfiguration section */

/* Begin XCConfigurationList section */
		A5A174192819042800CEC45B /* Build configuration list for PBXProject "baekjoon" */ = {
			isa = XCConfigurationList;
			buildConfigurations = (
				A5A174232819042800CEC45B /* Debug */,
				A5A174242819042800CEC45B /* Release */,
			);
			defaultConfigurationIsVisible = 0;
			defaultConfigurationName = Release;
		};
		A5A174252819042800CEC45B /* Build configuration list for PBXNativeTarget "baekjoon" */ = {
			isa = XCConfigurationList;
			buildConfigurations = (
				A5A174262819042800CEC45B /* Debug */,
				A5A174272819042800CEC45B /* Release */,
			);
			defaultConfigurationIsVisible = 0;
			defaultConfigurationName = Release;
		};
/* End XCConfigurationList section */
	};
	rootObject = A5A174162819042800CEC45B /* Project object */;
}
